// !$*UTF8*$!
{
	archiveVersion = 1;
	classes = {
	};
	objectVersion = 56;
	objects = {

/* Begin PBXBuildFile section */
		466B16F72C58CBAD0025FB43 /* AppDelegate.swift in Sources */ = {isa = PBXBuildFile; fileRef = 466B16F62C58CBAD0025FB43 /* AppDelegate.swift */; };
		466B16F92C58CBAD0025FB43 /* SceneDelegate.swift in Sources */ = {isa = PBXBuildFile; fileRef = 466B16F82C58CBAD0025FB43 /* SceneDelegate.swift */; };
		466B16FB2C58CBAD0025FB43 /* ViewController.swift in Sources */ = {isa = PBXBuildFile; fileRef = 466B16FA2C58CBAD0025FB43 /* ViewController.swift */; };
		466B17002C58CBB10025FB43 /* Assets.xcassets in Resources */ = {isa = PBXBuildFile; fileRef = 466B16FF2C58CBB10025FB43 /* Assets.xcassets */; };
		466B17032C58CBB10025FB43 /* Base in Resources */ = {isa = PBXBuildFile; fileRef = 466B17022C58CBB10025FB43 /* Base */; };
		466B170C2C58CC250025FB43 /* RxCocoa in Frameworks */ = {isa = PBXBuildFile; productRef = 466B170B2C58CC250025FB43 /* RxCocoa */; };
		466B170E2C58CC250025FB43 /* RxSwift in Frameworks */ = {isa = PBXBuildFile; productRef = 466B170D2C58CC250025FB43 /* RxSwift */; };
		466B17112C58CC460025FB43 /* SnapKit in Frameworks */ = {isa = PBXBuildFile; productRef = 466B17102C58CC460025FB43 /* SnapKit */; };
		466B17132C58CDA30025FB43 /* Enum.swift in Sources */ = {isa = PBXBuildFile; fileRef = 466B17122C58CDA30025FB43 /* Enum.swift */; };
/* End PBXBuildFile section */

/* Begin PBXFileReference section */
		466B16F32C58CBAD0025FB43 /* RxswiftPractice.app */ = {isa = PBXFileReference; explicitFileType = wrapper.application; includeInIndex = 0; path = RxswiftPractice.app; sourceTree = BUILT_PRODUCTS_DIR; };
		466B16F62C58CBAD0025FB43 /* AppDelegate.swift */ = {isa = PBXFileReference; lastKnownFileType = sourcecode.swift; path = AppDelegate.swift; sourceTree = "<group>"; };
		466B16F82C58CBAD0025FB43 /* SceneDelegate.swift */ = {isa = PBXFileReference; lastKnownFileType = sourcecode.swift; path = SceneDelegate.swift; sourceTree = "<group>"; };
		466B16FA2C58CBAD0025FB43 /* ViewController.swift */ = {isa = PBXFileReference; lastKnownFileType = sourcecode.swift; path = ViewController.swift; sourceTree = "<group>"; };
		466B16FF2C58CBB10025FB43 /* Assets.xcassets */ = {isa = PBXFileReference; lastKnownFileType = folder.assetcatalog; path = Assets.xcassets; sourceTree = "<group>"; };
		466B17022C58CBB10025FB43 /* Base */ = {isa = PBXFileReference; lastKnownFileType = file.storyboard; name = Base; path = Base.lproj/LaunchScreen.storyboard; sourceTree = "<group>"; };
		466B17042C58CBB10025FB43 /* Info.plist */ = {isa = PBXFileReference; lastKnownFileType = text.plist.xml; path = Info.plist; sourceTree = "<group>"; };
		466B17122C58CDA30025FB43 /* Enum.swift */ = {isa = PBXFileReference; lastKnownFileType = sourcecode.swift; path = Enum.swift; sourceTree = "<group>"; };
/* End PBXFileReference section */

/* Begin PBXFrameworksBuildPhase section */
		466B16F02C58CBAD0025FB43 /* Frameworks */ = {
			isa = PBXFrameworksBuildPhase;
			buildActionMask = 2147483647;
			files = (
				466B17112C58CC460025FB43 /* SnapKit in Frameworks */,
				466B170E2C58CC250025FB43 /* RxSwift in Frameworks */,
				466B170C2C58CC250025FB43 /* RxCocoa in Frameworks */,
			);
			runOnlyForDeploymentPostprocessing = 0;
		};
/* End PBXFrameworksBuildPhase section */

/* Begin PBXGroup section */
		466B16EA2C58CBAD0025FB43 = {
			isa = PBXGroup;
			children = (
				466B16F52C58CBAD0025FB43 /* RxswiftPractice */,
				466B16F42C58CBAD0025FB43 /* Products */,
			);
			sourceTree = "<group>";
		};
		466B16F42C58CBAD0025FB43 /* Products */ = {
			isa = PBXGroup;
			children = (
				466B16F32C58CBAD0025FB43 /* RxswiftPractice.app */,
			);
			name = Products;
			sourceTree = "<group>";
		};
		466B16F52C58CBAD0025FB43 /* RxswiftPractice */ = {
			isa = PBXGroup;
			children = (
				466B16F62C58CBAD0025FB43 /* AppDelegate.swift */,
				466B16F82C58CBAD0025FB43 /* SceneDelegate.swift */,
				466B17122C58CDA30025FB43 /* Enum.swift */,
				466B16FA2C58CBAD0025FB43 /* ViewController.swift */,
				466B16FF2C58CBB10025FB43 /* Assets.xcassets */,
				466B17012C58CBB10025FB43 /* LaunchScreen.storyboard */,
				466B17042C58CBB10025FB43 /* Info.plist */,
			);
			path = RxswiftPractice;
			sourceTree = "<group>";
		};
/* End PBXGroup section */

/* Begin PBXNativeTarget section */
		466B16F22C58CBAD0025FB43 /* RxswiftPractice */ = {
			isa = PBXNativeTarget;
			buildConfigurationList = 466B17072C58CBB10025FB43 /* Build configuration list for PBXNativeTarget "RxswiftPractice" */;
			buildPhases = (
				466B16EF2C58CBAD0025FB43 /* Sources */,
				466B16F02C58CBAD0025FB43 /* Frameworks */,
				466B16F12C58CBAD0025FB43 /* Resources */,
			);
			buildRules = (
			);
			dependencies = (
			);
			name = RxswiftPractice;
			packageProductDependencies = (
				466B170B2C58CC250025FB43 /* RxCocoa */,
				466B170D2C58CC250025FB43 /* RxSwift */,
				466B17102C58CC460025FB43 /* SnapKit */,
			);
			productName = RxswiftPractice;
			productReference = 466B16F32C58CBAD0025FB43 /* RxswiftPractice.app */;
			productType = "com.apple.product-type.application";
		};
/* End PBXNativeTarget section */

/* Begin PBXProject section */
		466B16EB2C58CBAD0025FB43 /* Project object */ = {
			isa = PBXProject;
			attributes = {
				BuildIndependentTargetsInParallel = 1;
				LastSwiftUpdateCheck = 1540;
				LastUpgradeCheck = 1540;
				TargetAttributes = {
					466B16F22C58CBAD0025FB43 = {
						CreatedOnToolsVersion = 15.4;
					};
				};
			};
			buildConfigurationList = 466B16EE2C58CBAD0025FB43 /* Build configuration list for PBXProject "RxswiftPractice" */;
			compatibilityVersion = "Xcode 14.0";
			developmentRegion = en;
			hasScannedForEncodings = 0;
			knownRegions = (
				en,
				Base,
			);
			mainGroup = 466B16EA2C58CBAD0025FB43;
			packageReferences = (
				466B170A2C58CC250025FB43 /* XCRemoteSwiftPackageReference "RxSwift" */,
				466B170F2C58CC460025FB43 /* XCRemoteSwiftPackageReference "SnapKit" */,
			);
			productRefGroup = 466B16F42C58CBAD0025FB43 /* Products */;
			projectDirPath = "";
			projectRoot = "";
			targets = (
				466B16F22C58CBAD0025FB43 /* RxswiftPractice */,
			);
		};
/* End PBXProject section */

/* Begin PBXResourcesBuildPhase section */
		466B16F12C58CBAD0025FB43 /* Resources */ = {
			isa = PBXResourcesBuildPhase;
			buildActionMask = 2147483647;
			files = (
				466B17002C58CBB10025FB43 /* Assets.xcassets in Resources */,
				466B17032C58CBB10025FB43 /* Base in Resources */,
			);
			runOnlyForDeploymentPostprocessing = 0;
		};
/* End PBXResourcesBuildPhase section */

/* Begin PBXSourcesBuildPhase section */
		466B16EF2C58CBAD0025FB43 /* Sources */ = {
			isa = PBXSourcesBuildPhase;
			buildActionMask = 2147483647;
			files = (
				466B16FB2C58CBAD0025FB43 /* ViewController.swift in Sources */,
				466B16F72C58CBAD0025FB43 /* AppDelegate.swift in Sources */,
				466B17132C58CDA30025FB43 /* Enum.swift in Sources */,
				466B16F92C58CBAD0025FB43 /* SceneDelegate.swift in Sources */,
			);
			runOnlyForDeploymentPostprocessing = 0;
		};
/* End PBXSourcesBuildPhase section */

/* Begin PBXVariantGroup section */
		466B17012C58CBB10025FB43 /* LaunchScreen.storyboard */ = {
			isa = PBXVariantGroup;
			children = (
				466B17022C58CBB10025FB43 /* Base */,
			);
			name = LaunchScreen.storyboard;
			sourceTree = "<group>";
		};
/* End PBXVariantGroup section */

/* Begin XCBuildConfiguration section */
		466B17052C58CBB10025FB43 /* Debug */ = {
			isa = XCBuildConfiguration;
			buildSettings = {
				ALWAYS_SEARCH_USER_PATHS = NO;
				ASSETCATALOG_COMPILER_GENERATE_SWIFT_ASSET_SYMBOL_EXTENSIONS = YES;
				CLANG_ANALYZER_NONNULL = YES;
				CLANG_ANALYZER_NUMBER_OBJECT_CONVERSION = YES_AGGRESSIVE;
				CLANG_CXX_LANGUAGE_STANDARD = "gnu++20";
				CLANG_ENABLE_MODULES = YES;
				CLANG_ENABLE_OBJC_ARC = YES;
				CLANG_ENABLE_OBJC_WEAK = YES;
				CLANG_WARN_BLOCK_CAPTURE_AUTORELEASING = YES;
				CLANG_WARN_BOOL_CONVERSION = YES;
				CLANG_WARN_COMMA = YES;
				CLANG_WARN_CONSTANT_CONVERSION = YES;
				CLANG_WARN_DEPRECATED_OBJC_IMPLEMENTATIONS = YES;
				CLANG_WARN_DIRECT_OBJC_ISA_USAGE = YES_ERROR;
				CLANG_WARN_DOCUMENTATION_COMMENTS = YES;
				CLANG_WARN_EMPTY_BODY = YES;
				CLANG_WARN_ENUM_CONVERSION = YES;
				CLANG_WARN_INFINITE_RECURSION = YES;
				CLANG_WARN_INT_CONVERSION = YES;
				CLANG_WARN_NON_LITERAL_NULL_CONVERSION = YES;
				CLANG_WARN_OBJC_IMPLICIT_RETAIN_SELF = YES;
				CLANG_WARN_OBJC_LITERAL_CONVERSION = YES;
				CLANG_WARN_OBJC_ROOT_CLASS = YES_ERROR;
				CLANG_WARN_QUOTED_INCLUDE_IN_FRAMEWORK_HEADER = YES;
				CLANG_WARN_RANGE_LOOP_ANALYSIS = YES;
				CLANG_WARN_STRICT_PROTOTYPES = YES;
				CLANG_WARN_SUSPICIOUS_MOVE = YES;
				CLANG_WARN_UNGUARDED_AVAILABILITY = YES_AGGRESSIVE;
				CLANG_WARN_UNREACHABLE_CODE = YES;
				CLANG_WARN__DUPLICATE_METHOD_MATCH = YES;
				COPY_PHASE_STRIP = NO;
				DEBUG_INFORMATION_FORMAT = dwarf;
				ENABLE_STRICT_OBJC_MSGSEND = YES;
				ENABLE_TESTABILITY = YES;
				ENABLE_USER_SCRIPT_SANDBOXING = YES;
				GCC_C_LANGUAGE_STANDARD = gnu17;
				GCC_DYNAMIC_NO_PIC = NO;
				GCC_NO_COMMON_BLOCKS = YES;
				GCC_OPTIMIZATION_LEVEL = 0;
				GCC_PREPROCESSOR_DEFINITIONS = (
					"DEBUG=1",
					"$(inherited)",
				);
				GCC_WARN_64_TO_32_BIT_CONVERSION = YES;
				GCC_WARN_ABOUT_RETURN_TYPE = YES_ERROR;
				GCC_WARN_UNDECLARED_SELECTOR = YES;
				GCC_WARN_UNINITIALIZED_AUTOS = YES_AGGRESSIVE;
				GCC_WARN_UNUSED_FUNCTION = YES;
				GCC_WARN_UNUSED_VARIABLE = YES;
				IPHONEOS_DEPLOYMENT_TARGET = 17.5;
				LOCALIZATION_PREFERS_STRING_CATALOGS = YES;
				MTL_ENABLE_DEBUG_INFO = INCLUDE_SOURCE;
				MTL_FAST_MATH = YES;
				ONLY_ACTIVE_ARCH = YES;
				SDKROOT = iphoneos;
				SWIFT_ACTIVE_COMPILATION_CONDITIONS = "DEBUG $(inherited)";
				SWIFT_OPTIMIZATION_LEVEL = "-Onone";
			};
			name = Debug;
		};
		466B17062C58CBB10025FB43 /* Release */ = {
			isa = XCBuildConfiguration;
			buildSettings = {
				ALWAYS_SEARCH_USER_PATHS = NO;
				ASSETCATALOG_COMPILER_GENERATE_SWIFT_ASSET_SYMBOL_EXTENSIONS = YES;
				CLANG_ANALYZER_NONNULL = YES;
				CLANG_ANALYZER_NUMBER_OBJECT_CONVERSION = YES_AGGRESSIVE;
				CLANG_CXX_LANGUAGE_STANDARD = "gnu++20";
				CLANG_ENABLE_MODULES = YES;
				CLANG_ENABLE_OBJC_ARC = YES;
				CLANG_ENABLE_OBJC_WEAK = YES;
				CLANG_WARN_BLOCK_CAPTURE_AUTORELEASING = YES;
				CLANG_WARN_BOOL_CONVERSION = YES;
				CLANG_WARN_COMMA = YES;
				CLANG_WARN_CONSTANT_CONVERSION = YES;
				CLANG_WARN_DEPRECATED_OBJC_IMPLEMENTATIONS = YES;
				CLANG_WARN_DIRECT_OBJC_ISA_USAGE = YES_ERROR;
				CLANG_WARN_DOCUMENTATION_COMMENTS = YES;
				CLANG_WARN_EMPTY_BODY = YES;
				CLANG_WARN_ENUM_CONVERSION = YES;
				CLANG_WARN_INFINITE_RECURSION = YES;
				CLANG_WARN_INT_CONVERSION = YES;
				CLANG_WARN_NON_LITERAL_NULL_CONVERSION = YES;
				CLANG_WARN_OBJC_IMPLICIT_RETAIN_SELF = YES;
				CLANG_WARN_OBJC_LITERAL_CONVERSION = YES;
				CLANG_WARN_OBJC_ROOT_CLASS = YES_ERROR;
				CLANG_WARN_QUOTED_INCLUDE_IN_FRAMEWORK_HEADER = YES;
				CLANG_WARN_RANGE_LOOP_ANALYSIS = YES;
				CLANG_WARN_STRICT_PROTOTYPES = YES;
				CLANG_WARN_SUSPICIOUS_MOVE = YES;
				CLANG_WARN_UNGUARDED_AVAILABILITY = YES_AGGRESSIVE;
				CLANG_WARN_UNREACHABLE_CODE = YES;
				CLANG_WARN__DUPLICATE_METHOD_MATCH = YES;
				COPY_PHASE_STRIP = NO;
				DEBUG_INFORMATION_FORMAT = "dwarf-with-dsym";
				ENABLE_NS_ASSERTIONS = NO;
				ENABLE_STRICT_OBJC_MSGSEND = YES;
				ENABLE_USER_SCRIPT_SANDBOXING = YES;
				GCC_C_LANGUAGE_STANDARD = gnu17;
				GCC_NO_COMMON_BLOCKS = YES;
				GCC_WARN_64_TO_32_BIT_CONVERSION = YES;
				GCC_WARN_ABOUT_RETURN_TYPE = YES_ERROR;
				GCC_WARN_UNDECLARED_SELECTOR = YES;
				GCC_WARN_UNINITIALIZED_AUTOS = YES_AGGRESSIVE;
				GCC_WARN_UNUSED_FUNCTION = YES;
				GCC_WARN_UNUSED_VARIABLE = YES;
				IPHONEOS_DEPLOYMENT_TARGET = 17.5;
				LOCALIZATION_PREFERS_STRING_CATALOGS = YES;
				MTL_ENABLE_DEBUG_INFO = NO;
				MTL_FAST_MATH = YES;
				SDKROOT = iphoneos;
				SWIFT_COMPILATION_MODE = wholemodule;
				VALIDATE_PRODUCT = YES;
			};
			name = Release;
		};
		466B17082C58CBB10025FB43 /* Debug */ = {
			isa = XCBuildConfiguration;
			buildSettings = {
				ASSETCATALOG_COMPILER_APPICON_NAME = AppIcon;
				ASSETCATALOG_COMPILER_GLOBAL_ACCENT_COLOR_NAME = AccentColor;
				CODE_SIGN_STYLE = Automatic;
				CURRENT_PROJECT_VERSION = 1;
				GENERATE_INFOPLIST_FILE = YES;
				INFOPLIST_FILE = RxswiftPractice/Info.plist;
				INFOPLIST_KEY_UIApplicationSupportsIndirectInputEvents = YES;
				INFOPLIST_KEY_UILaunchStoryboardName = LaunchScreen;
				INFOPLIST_KEY_UISupportedInterfaceOrientations = UIInterfaceOrientationPortrait;
				INFOPLIST_KEY_UISupportedInterfaceOrientations_iPad = UIInterfaceOrientationPortrait;
				IPHONEOS_DEPLOYMENT_TARGET = 17.0;
				LD_RUNPATH_SEARCH_PATHS = (
					"$(inherited)",
					"@executable_path/Frameworks",
				);
				MARKETING_VERSION = 1.0;
				PRODUCT_BUNDLE_IDENTIFIER = com.soyung.RxswiftPractice;
				PRODUCT_NAME = "$(TARGET_NAME)";
				SUPPORTED_PLATFORMS = "iphoneos iphonesimulator";
				SUPPORTS_MACCATALYST = NO;
				SUPPORTS_MAC_DESIGNED_FOR_IPHONE_IPAD = NO;
				SUPPORTS_XR_DESIGNED_FOR_IPHONE_IPAD = NO;
				SWIFT_EMIT_LOC_STRINGS = YES;
				SWIFT_VERSION = 5.0;
				TARGETED_DEVICE_FAMILY = 1;
			};
			name = Debug;
		};
		466B17092C58CBB10025FB43 /* Release */ = {
			isa = XCBuildConfiguration;
			buildSettings = {
				ASSETCATALOG_COMPILER_APPICON_NAME = AppIcon;
				ASSETCATALOG_COMPILER_GLOBAL_ACCENT_COLOR_NAME = AccentColor;
				CODE_SIGN_STYLE = Automatic;
				CURRENT_PROJECT_VERSION = 1;
				GENERATE_INFOPLIST_FILE = YES;
				INFOPLIST_FILE = RxswiftPractice/Info.plist;
				INFOPLIST_KEY_UIApplicationSupportsIndirectInputEvents = YES;
				INFOPLIST_KEY_UILaunchStoryboardName = LaunchScreen;
				INFOPLIST_KEY_UISupportedInterfaceOrientations = UIInterfaceOrientationPortrait;
				INFOPLIST_KEY_UISupportedInterfaceOrientations_iPad = UIInterfaceOrientationPortrait;
				IPHONEOS_DEPLOYMENT_TARGET = 17.0;
				LD_RUNPATH_SEARCH_PATHS = (
					"$(inherited)",
					"@executable_path/Frameworks",
				);
				MARKETING_VERSION = 1.0;
				PRODUCT_BUNDLE_IDENTIFIER = com.soyung.RxswiftPractice;
				PRODUCT_NAME = "$(TARGET_NAME)";
				SUPPORTED_PLATFORMS = "iphoneos iphonesimulator";
				SUPPORTS_MACCATALYST = NO;
				SUPPORTS_MAC_DESIGNED_FOR_IPHONE_IPAD = NO;
				SUPPORTS_XR_DESIGNED_FOR_IPHONE_IPAD = NO;
				SWIFT_EMIT_LOC_STRINGS = YES;
				SWIFT_VERSION = 5.0;
				TARGETED_DEVICE_FAMILY = 1;
			};
			name = Release;
		};
/* End XCBuildConfiguration section */

/* Begin XCConfigurationList section */
		466B16EE2C58CBAD0025FB43 /* Build configuration list for PBXProject "RxswiftPractice" */ = {
			isa = XCConfigurationList;
			buildConfigurations = (
				466B17052C58CBB10025FB43 /* Debug */,
				466B17062C58CBB10025FB43 /* Release */,
			);
			defaultConfigurationIsVisible = 0;
			defaultConfigurationName = Release;
		};
		466B17072C58CBB10025FB43 /* Build configuration list for PBXNativeTarget "RxswiftPractice" */ = {
			isa = XCConfigurationList;
			buildConfigurations = (
				466B17082C58CBB10025FB43 /* Debug */,
				466B17092C58CBB10025FB43 /* Release */,
			);
			defaultConfigurationIsVisible = 0;
			defaultConfigurationName = Release;
		};
/* End XCConfigurationList section */

/* Begin XCRemoteSwiftPackageReference section */
		466B170A2C58CC250025FB43 /* XCRemoteSwiftPackageReference "RxSwift" */ = {
			isa = XCRemoteSwiftPackageReference;
			repositoryURL = "https://github.com/ReactiveX/RxSwift.git";
			requirement = {
				kind = upToNextMajorVersion;
				minimumVersion = 6.7.1;
			};
		};
		466B170F2C58CC460025FB43 /* XCRemoteSwiftPackageReference "SnapKit" */ = {
			isa = XCRemoteSwiftPackageReference;
			repositoryURL = "https://github.com/SnapKit/SnapKit.git";
			requirement = {
				kind = upToNextMajorVersion;
				minimumVersion = 5.7.1;
			};
		};
/* End XCRemoteSwiftPackageReference section */

/* Begin XCSwiftPackageProductDependency section */
		466B170B2C58CC250025FB43 /* RxCocoa */ = {
			isa = XCSwiftPackageProductDependency;
			package = 466B170A2C58CC250025FB43 /* XCRemoteSwiftPackageReference "RxSwift" */;
			productName = RxCocoa;
		};
		466B170D2C58CC250025FB43 /* RxSwift */ = {
			isa = XCSwiftPackageProductDependency;
			package = 466B170A2C58CC250025FB43 /* XCRemoteSwiftPackageReference "RxSwift" */;
			productName = RxSwift;
		};
		466B17102C58CC460025FB43 /* SnapKit */ = {
			isa = XCSwiftPackageProductDependency;
			package = 466B170F2C58CC460025FB43 /* XCRemoteSwiftPackageReference "SnapKit" */;
			productName = SnapKit;
		};
/* End XCSwiftPackageProductDependency section */
	};
	rootObject = 466B16EB2C58CBAD0025FB43 /* Project object */;
}
